
Microsoft Visual Studio Solution File, Format Version 12.00
# Visual Studio 14
VisualStudioVersion = 14.0.25420.1
MinimumVisualStudioVersion = 10.0.40219.1
Project("{FAE04EC0-301F-11D3-BF4B-00C04F79EFBC}") = "Todo.Api", "Todo.Api\Todo.Api.csproj", "{042A4622-3C8B-472B-B581-A6F52D11D016}"
EndProject
Project("{FAE04EC0-301F-11D3-BF4B-00C04F79EFBC}") = "Todo.DataAccess", "..\Todo.DataAccess\Todo.DataAccess.csproj", "{AE75F0A1-66D3-4B3E-AE60-B4911E8B8E6A}"
EndProject
Project("{FAE04EC0-301F-11D3-BF4B-00C04F79EFBC}") = "Todo.Entities", "..\Todo.Entities\Todo.Entities.csproj", "{BCAC6317-E99C-434F-8336-CCFF226BFD48}"
EndProject
Project("{FAE04EC0-301F-11D3-BF4B-00C04F79EFBC}") = "Todo.Api.Tests", "..\Todo.Api.Tests\Todo.Api.Tests.csproj", "{40FEBD84-29E8-4A03-91EA-A5CE49A91456}"
EndProject
Global
	GlobalSection(SolutionConfigurationPlatforms) = preSolution
		Debug|Any CPU = Debug|Any CPU
		Release|Any CPU = Release|Any CPU
	EndGlobalSection
	GlobalSection(ProjectConfigurationPlatforms) = postSolution
		{042A4622-3C8B-472B-B581-A6F52D11D016}.Debug|Any CPU.ActiveCfg = Debug|Any CPU
		{042A4622-3C8B-472B-B581-A6F52D11D016}.Debug|Any CPU.Build.0 = Debug|Any CPU
		{042A4622-3C8B-472B-B581-A6F52D11D016}.Release|Any CPU.ActiveCfg = Release|Any CPU
		{042A4622-3C8B-472B-B581-A6F52D11D016}.Release|Any CPU.Build.0 = Release|Any CPU
		{AE75F0A1-66D3-4B3E-AE60-B4911E8B8E6A}.Debug|Any CPU.ActiveCfg = Debug|Any CPU
		{AE75F0A1-66D3-4B3E-AE60-B4911E8B8E6A}.Debug|Any CPU.Build.0 = Debug|Any CPU
		{AE75F0A1-66D3-4B3E-AE60-B4911E8B8E6A}.Release|Any CPU.ActiveCfg = Release|Any CPU
		{AE75F0A1-66D3-4B3E-AE60-B4911E8B8E6A}.Release|Any CPU.Build.0 = Release|Any CPU
		{BCAC6317-E99C-434F-8336-CCFF226BFD48}.Debug|Any CPU.ActiveCfg = Debug|Any CPU
		{BCAC6317-E99C-434F-8336-CCFF226BFD48}.Debug|Any CPU.Build.0 = Debug|Any CPU
		{BCAC6317-E99C-434F-8336-CCFF226BFD48}.Release|Any CPU.ActiveCfg = Release|Any CPU
		{BCAC6317-E99C-434F-8336-CCFF226BFD48}.Release|Any CPU.Build.0 = Release|Any CPU
		{40FEBD84-29E8-4A03-91EA-A5CE49A91456}.Debug|Any CPU.ActiveCfg = Debug|Any CPU
		{40FEBD84-29E8-4A03-91EA-A5CE49A91456}.Debug|Any CPU.Build.0 = Debug|Any CPU
		{40FEBD84-29E8-4A03-91EA-A5CE49A91456}.Release|Any CPU.ActiveCfg = Release|Any CPU
		{40FEBD84-29E8-4A03-91EA-A5CE49A91456}.Release|Any CPU.Build.0 = Release|Any CPU
	EndGlobalSection
	GlobalSection(SolutionProperties) = preSolution
		HideSolutionNode = FALSE
	EndGlobalSection
EndGlobal
